
Microsoft Visual Studio Solution File, Format Version 12.00
# Visual Studio Version 16
VisualStudioVersion = 16.0.29613.14
MinimumVisualStudioVersion = 10.0.40219.1
Project("{FAE04EC0-301F-11D3-BF4B-00C04F79EFBC}") = "Практическая работа № 3", "Практическая работа № 3\Практическая работа № 3.csproj", "{226ABED0-7692-4087-B8A5-5EFE6FC7C0A7}"
EndProject
Project("{FAE04EC0-301F-11D3-BF4B-00C04F79EFBC}") = "LibMas", "LibMas\LibMas.csproj", "{B28D43D1-708B-413F-B7E8-9A9BE19B60DC}"
EndProject
Project("{FAE04EC0-301F-11D3-BF4B-00C04F79EFBC}") = "Lib_11", "Lib_11\Lib_11.csproj", "{596E5FB9-F7BF-412C-8AE7-8F9B8CF8C8BD}"
EndProject
Global
	GlobalSection(SolutionConfigurationPlatforms) = preSolution
		Debug|Any CPU = Debug|Any CPU
		Release|Any CPU = Release|Any CPU
	EndGlobalSection
	GlobalSection(ProjectConfigurationPlatforms) = postSolution
		{226ABED0-7692-4087-B8A5-5EFE6FC7C0A7}.Debug|Any CPU.ActiveCfg = Debug|Any CPU
		{226ABED0-7692-4087-B8A5-5EFE6FC7C0A7}.Debug|Any CPU.Build.0 = Debug|Any CPU
		{226ABED0-7692-4087-B8A5-5EFE6FC7C0A7}.Release|Any CPU.ActiveCfg = Release|Any CPU
		{226ABED0-7692-4087-B8A5-5EFE6FC7C0A7}.Release|Any CPU.Build.0 = Release|Any CPU
		{B28D43D1-708B-413F-B7E8-9A9BE19B60DC}.Debug|Any CPU.ActiveCfg = Debug|Any CPU
		{B28D43D1-708B-413F-B7E8-9A9BE19B60DC}.Debug|Any CPU.Build.0 = Debug|Any CPU
		{B28D43D1-708B-413F-B7E8-9A9BE19B60DC}.Release|Any CPU.ActiveCfg = Release|Any CPU
		{B28D43D1-708B-413F-B7E8-9A9BE19B60DC}.Release|Any CPU.Build.0 = Release|Any CPU
		{596E5FB9-F7BF-412C-8AE7-8F9B8CF8C8BD}.Debug|Any CPU.ActiveCfg = Debug|Any CPU
		{596E5FB9-F7BF-412C-8AE7-8F9B8CF8C8BD}.Debug|Any CPU.Build.0 = Debug|Any CPU
		{596E5FB9-F7BF-412C-8AE7-8F9B8CF8C8BD}.Release|Any CPU.ActiveCfg = Release|Any CPU
		{596E5FB9-F7BF-412C-8AE7-8F9B8CF8C8BD}.Release|Any CPU.Build.0 = Release|Any CPU
	EndGlobalSection
	GlobalSection(SolutionProperties) = preSolution
		HideSolutionNode = FALSE
	EndGlobalSection
	GlobalSection(ExtensibilityGlobals) = postSolution
		SolutionGuid = {A7F0A34F-F0C4-4AF5-AFF9-3307B182C113}
	EndGlobalSection
EndGlobal
